// !$*UTF8*$!
{
	archiveVersion = 1;
	classes = {
	};
	objectVersion = 46;
	objects = {

/* Begin PBXBuildFile section */
		F414402A1E3AC48D00F99534 /* AppDelegate.m in Sources */ = {isa = PBXBuildFile; fileRef = F41440271E3AC48D00F99534 /* AppDelegate.m */; };
		F414402D1E3AC4FB00F99534 /* MainViewController.m in Sources */ = {isa = PBXBuildFile; fileRef = F414402C1E3AC4FB00F99534 /* MainViewController.m */; };
		F414402F1E3AC50600F99534 /* MainViewController.storyboard in Resources */ = {isa = PBXBuildFile; fileRef = F414402E1E3AC50600F99534 /* MainViewController.storyboard */; };
		F41440321E3AC57500F99534 /* CoreDataHelper.m in Sources */ = {isa = PBXBuildFile; fileRef = F41440311E3AC57500F99534 /* CoreDataHelper.m */; };
		F4978D511E3ABBC400B825CC /* main.m in Sources */ = {isa = PBXBuildFile; fileRef = F4978D501E3ABBC400B825CC /* main.m */; };
		F4978D5C1E3ABBC400B825CC /* Assets.xcassets in Resources */ = {isa = PBXBuildFile; fileRef = F4978D5B1E3ABBC400B825CC /* Assets.xcassets */; };
		F4978D5F1E3ABBC400B825CC /* LaunchScreen.storyboard in Resources */ = {isa = PBXBuildFile; fileRef = F4978D5D1E3ABBC400B825CC /* LaunchScreen.storyboard */; };
		F720F84F1E471CF5008B0084 /* Model.xcdatamodeld in Sources */ = {isa = PBXBuildFile; fileRef = F720F84D1E471CF5008B0084 /* Model.xcdatamodeld */; };
		F7EB30761E4822A300EB5AD0 /* MigrationViewController.m in Sources */ = {isa = PBXBuildFile; fileRef = F7EB30751E4822A300EB5AD0 /* MigrationViewController.m */; };
		F7EB30781E4822AD00EB5AD0 /* MigrationViewController.storyboard in Resources */ = {isa = PBXBuildFile; fileRef = F7EB30771E4822AD00EB5AD0 /* MigrationViewController.storyboard */; };
		F7EB30801E484D5200EB5AD0 /* Model3toModel4.xcmappingmodel in Sources */ = {isa = PBXBuildFile; fileRef = F7EB307F1E484D5200EB5AD0 /* Model3toModel4.xcmappingmodel */; };
		F7EB308A1E48503C00EB5AD0 /* Model5toModel6.xcmappingmodel in Sources */ = {isa = PBXBuildFile; fileRef = F7EB30891E48503C00EB5AD0 /* Model5toModel6.xcmappingmodel */; };
/* End PBXBuildFile section */

/* Begin PBXFileReference section */
		F41440261E3AC48D00F99534 /* AppDelegate.h */ = {isa = PBXFileReference; fileEncoding = 4; lastKnownFileType = sourcecode.c.h; path = AppDelegate.h; sourceTree = "<group>"; };
		F41440271E3AC48D00F99534 /* AppDelegate.m */ = {isa = PBXFileReference; fileEncoding = 4; lastKnownFileType = sourcecode.c.objc; path = AppDelegate.m; sourceTree = "<group>"; };
		F414402B1E3AC4FB00F99534 /* MainViewController.h */ = {isa = PBXFileReference; fileEncoding = 4; lastKnownFileType = sourcecode.c.h; path = MainViewController.h; sourceTree = "<group>"; };
		F414402C1E3AC4FB00F99534 /* MainViewController.m */ = {isa = PBXFileReference; fileEncoding = 4; lastKnownFileType = sourcecode.c.objc; path = MainViewController.m; sourceTree = "<group>"; };
		F414402E1E3AC50600F99534 /* MainViewController.storyboard */ = {isa = PBXFileReference; fileEncoding = 4; lastKnownFileType = file.storyboard; path = MainViewController.storyboard; sourceTree = "<group>"; };
		F41440301E3AC57500F99534 /* CoreDataHelper.h */ = {isa = PBXFileReference; fileEncoding = 4; lastKnownFileType = sourcecode.c.h; path = CoreDataHelper.h; sourceTree = "<group>"; };
		F41440311E3AC57500F99534 /* CoreDataHelper.m */ = {isa = PBXFileReference; fileEncoding = 4; lastKnownFileType = sourcecode.c.objc; path = CoreDataHelper.m; sourceTree = "<group>"; };
		F41440331E3AC6BB00F99534 /* CoreData.pch */ = {isa = PBXFileReference; lastKnownFileType = sourcecode.c.h; path = CoreData.pch; sourceTree = "<group>"; };
		F4978D4C1E3ABBC400B825CC /* CoreData.app */ = {isa = PBXFileReference; explicitFileType = wrapper.application; includeInIndex = 0; path = CoreData.app; sourceTree = BUILT_PRODUCTS_DIR; };
		F4978D501E3ABBC400B825CC /* main.m */ = {isa = PBXFileReference; lastKnownFileType = sourcecode.c.objc; path = main.m; sourceTree = "<group>"; };
		F4978D5B1E3ABBC400B825CC /* Assets.xcassets */ = {isa = PBXFileReference; lastKnownFileType = folder.assetcatalog; path = Assets.xcassets; sourceTree = "<group>"; };
		F4978D5E1E3ABBC400B825CC /* Base */ = {isa = PBXFileReference; lastKnownFileType = file.storyboard; name = Base; path = Base.lproj/LaunchScreen.storyboard; sourceTree = "<group>"; };
		F4978D601E3ABBC400B825CC /* Info.plist */ = {isa = PBXFileReference; lastKnownFileType = text.plist.xml; path = Info.plist; sourceTree = "<group>"; };
		F720F84E1E471CF5008B0084 /* Model.xcdatamodel */ = {isa = PBXFileReference; lastKnownFileType = wrapper.xcdatamodel; path = Model.xcdatamodel; sourceTree = "<group>"; };
		F720F85C1E472BE8008B0084 /* Model 2.xcdatamodel */ = {isa = PBXFileReference; lastKnownFileType = wrapper.xcdatamodel; path = "Model 2.xcdatamodel"; sourceTree = "<group>"; };
		F720F85D1E47303C008B0084 /* Model 3.xcdatamodel */ = {isa = PBXFileReference; lastKnownFileType = wrapper.xcdatamodel; path = "Model 3.xcdatamodel"; sourceTree = "<group>"; };
		F7EB30741E4822A300EB5AD0 /* MigrationViewController.h */ = {isa = PBXFileReference; fileEncoding = 4; lastKnownFileType = sourcecode.c.h; path = MigrationViewController.h; sourceTree = "<group>"; };
		F7EB30751E4822A300EB5AD0 /* MigrationViewController.m */ = {isa = PBXFileReference; fileEncoding = 4; lastKnownFileType = sourcecode.c.objc; path = MigrationViewController.m; sourceTree = "<group>"; };
		F7EB30771E4822AD00EB5AD0 /* MigrationViewController.storyboard */ = {isa = PBXFileReference; fileEncoding = 4; lastKnownFileType = file.storyboard; path = MigrationViewController.storyboard; sourceTree = "<group>"; };
		F7EB30791E4848A700EB5AD0 /* Model 4.xcdatamodel */ = {isa = PBXFileReference; lastKnownFileType = wrapper.xcdatamodel; path = "Model 4.xcdatamodel"; sourceTree = "<group>"; };
		F7EB307C1E484CDE00EB5AD0 /* Model 4.xcdatamodel */ = {isa = PBXFileReference; lastKnownFileType = wrapper.xcdatamodel; path = "Model 4.xcdatamodel"; sourceTree = "<group>"; };
		F7EB307F1E484D5200EB5AD0 /* Model3toModel4.xcmappingmodel */ = {isa = PBXFileReference; lastKnownFileType = wrapper.xcmappingmodel; path = Model3toModel4.xcmappingmodel; sourceTree = "<group>"; };
		F7EB30811E484F3200EB5AD0 /* Model 5.xcdatamodel */ = {isa = PBXFileReference; lastKnownFileType = wrapper.xcdatamodel; path = "Model 5.xcdatamodel"; sourceTree = "<group>"; };
		F7EB30861E48500500EB5AD0 /* Model 6.xcdatamodel */ = {isa = PBXFileReference; lastKnownFileType = wrapper.xcdatamodel; path = "Model 6.xcdatamodel"; sourceTree = "<group>"; };
		F7EB30891E48503C00EB5AD0 /* Model5toModel6.xcmappingmodel */ = {isa = PBXFileReference; lastKnownFileType = wrapper.xcmappingmodel; path = Model5toModel6.xcmappingmodel; sourceTree = "<group>"; };
/* End PBXFileReference section */

/* Begin PBXFrameworksBuildPhase section */
		F4978D491E3ABBC400B825CC /* Frameworks */ = {
			isa = PBXFrameworksBuildPhase;
			buildActionMask = 2147483647;
			files = (
			);
			runOnlyForDeploymentPostprocessing = 0;
		};
/* End PBXFrameworksBuildPhase section */

/* Begin PBXGroup section */
		F41440211E3AC48D00F99534 /* Controller */ = {
			isa = PBXGroup;
			children = (
				F414402B1E3AC4FB00F99534 /* MainViewController.h */,
				F414402C1E3AC4FB00F99534 /* MainViewController.m */,
				F414402E1E3AC50600F99534 /* MainViewController.storyboard */,
				F7EB30741E4822A300EB5AD0 /* MigrationViewController.h */,
				F7EB30751E4822A300EB5AD0 /* MigrationViewController.m */,
				F7EB30771E4822AD00EB5AD0 /* MigrationViewController.storyboard */,
			);
			path = Controller;
			sourceTree = "<group>";
		};
		F41440241E3AC48D00F99534 /* Model */ = {
			isa = PBXGroup;
			children = (
				F41440301E3AC57500F99534 /* CoreDataHelper.h */,
				F41440311E3AC57500F99534 /* CoreDataHelper.m */,
				F720F84D1E471CF5008B0084 /* Model.xcdatamodeld */,
				F7EB307F1E484D5200EB5AD0 /* Model3toModel4.xcmappingmodel */,
				F7EB30891E48503C00EB5AD0 /* Model5toModel6.xcmappingmodel */,
			);
			path = Model;
			sourceTree = "<group>";
		};
		F41440251E3AC48D00F99534 /* Other */ = {
			isa = PBXGroup;
			children = (
				F41440261E3AC48D00F99534 /* AppDelegate.h */,
				F41440271E3AC48D00F99534 /* AppDelegate.m */,
			);
			path = Other;
			sourceTree = "<group>";
		};
		F41440281E3AC48D00F99534 /* View */ = {
			isa = PBXGroup;
			children = (
			);
			path = View;
			sourceTree = "<group>";
		};
		F4978D431E3ABBC400B825CC = {
			isa = PBXGroup;
			children = (
				F4978D4E1E3ABBC400B825CC /* CoreData */,
				F4978D4D1E3ABBC400B825CC /* Products */,
			);
			sourceTree = "<group>";
		};
		F4978D4D1E3ABBC400B825CC /* Products */ = {
			isa = PBXGroup;
			children = (
				F4978D4C1E3ABBC400B825CC /* CoreData.app */,
			);
			name = Products;
			sourceTree = "<group>";
		};
		F4978D4E1E3ABBC400B825CC /* CoreData */ = {
			isa = PBXGroup;
			children = (
				F41440211E3AC48D00F99534 /* Controller */,
				F41440241E3AC48D00F99534 /* Model */,
				F41440251E3AC48D00F99534 /* Other */,
				F41440281E3AC48D00F99534 /* View */,
				F4978D4F1E3ABBC400B825CC /* Supporting Files */,
			);
			path = CoreData;
			sourceTree = "<group>";
		};
		F4978D4F1E3ABBC400B825CC /* Supporting Files */ = {
			isa = PBXGroup;
			children = (
				F4978D5D1E3ABBC400B825CC /* LaunchScreen.storyboard */,
				F4978D5B1E3ABBC400B825CC /* Assets.xcassets */,
				F4978D601E3ABBC400B825CC /* Info.plist */,
				F4978D501E3ABBC400B825CC /* main.m */,
				F41440331E3AC6BB00F99534 /* CoreData.pch */,
			);
			name = "Supporting Files";
			sourceTree = "<group>";
		};
/* End PBXGroup section */

/* Begin PBXNativeTarget section */
		F4978D4B1E3ABBC400B825CC /* CoreData */ = {
			isa = PBXNativeTarget;
			buildConfigurationList = F4978D631E3ABBC400B825CC /* Build configuration list for PBXNativeTarget "CoreData" */;
			buildPhases = (
				F4978D481E3ABBC400B825CC /* Sources */,
				F4978D491E3ABBC400B825CC /* Frameworks */,
				F4978D4A1E3ABBC400B825CC /* Resources */,
			);
			buildRules = (
			);
			dependencies = (
			);
			name = CoreData;
			productName = CoreData;
			productReference = F4978D4C1E3ABBC400B825CC /* CoreData.app */;
			productType = "com.apple.product-type.application";
		};
/* End PBXNativeTarget section */

/* Begin PBXProject section */
		F4978D441E3ABBC400B825CC /* Project object */ = {
			isa = PBXProject;
			attributes = {
				CLASSPREFIX = "";
				LastUpgradeCheck = 0820;
				ORGANIZATIONNAME = Danyow.Ed;
				TargetAttributes = {
					F4978D4B1E3ABBC400B825CC = {
						CreatedOnToolsVersion = 8.2.1;
						DevelopmentTeam = 72GJ4BTB4F;
						ProvisioningStyle = Manual;
					};
				};
			};
			buildConfigurationList = F4978D471E3ABBC400B825CC /* Build configuration list for PBXProject "CoreData" */;
			compatibilityVersion = "Xcode 3.2";
			developmentRegion = English;
			hasScannedForEncodings = 0;
			knownRegions = (
				en,
				Base,
			);
			mainGroup = F4978D431E3ABBC400B825CC;
			productRefGroup = F4978D4D1E3ABBC400B825CC /* Products */;
			projectDirPath = "";
			projectRoot = "";
			targets = (
				F4978D4B1E3ABBC400B825CC /* CoreData */,
			);
		};
/* End PBXProject section */

/* Begin PBXResourcesBuildPhase section */
		F4978D4A1E3ABBC400B825CC /* Resources */ = {
			isa = PBXResourcesBuildPhase;
			buildActionMask = 2147483647;
			files = (
				F4978D5F1E3ABBC400B825CC /* LaunchScreen.storyboard in Resources */,
				F414402F1E3AC50600F99534 /* MainViewController.storyboard in Resources */,
				F7EB30781E4822AD00EB5AD0 /* MigrationViewController.storyboard in Resources */,
				F4978D5C1E3ABBC400B825CC /* Assets.xcassets in Resources */,
			);
			runOnlyForDeploymentPostprocessing = 0;
		};
/* End PBXResourcesBuildPhase section */

/* Begin PBXSourcesBuildPhase section */
		F4978D481E3ABBC400B825CC /* Sources */ = {
			isa = PBXSourcesBuildPhase;
			buildActionMask = 2147483647;
			files = (
				F4978D511E3ABBC400B825CC /* main.m in Sources */,
				F414402D1E3AC4FB00F99534 /* MainViewController.m in Sources */,
				F720F84F1E471CF5008B0084 /* Model.xcdatamodeld in Sources */,
				F7EB308A1E48503C00EB5AD0 /* Model5toModel6.xcmappingmodel in Sources */,
				F7EB30801E484D5200EB5AD0 /* Model3toModel4.xcmappingmodel in Sources */,
				F41440321E3AC57500F99534 /* CoreDataHelper.m in Sources */,
				F7EB30761E4822A300EB5AD0 /* MigrationViewController.m in Sources */,
				F414402A1E3AC48D00F99534 /* AppDelegate.m in Sources */,
			);
			runOnlyForDeploymentPostprocessing = 0;
		};
/* End PBXSourcesBuildPhase section */

/* Begin PBXVariantGroup section */
		F4978D5D1E3ABBC400B825CC /* LaunchScreen.storyboard */ = {
			isa = PBXVariantGroup;
			children = (
				F4978D5E1E3ABBC400B825CC /* Base */,
			);
			name = LaunchScreen.storyboard;
			sourceTree = "<group>";
		};
/* End PBXVariantGroup section */

/* Begin XCBuildConfiguration section */
		F4978D611E3ABBC400B825CC /* Debug */ = {
			isa = XCBuildConfiguration;
			buildSettings = {
				ALWAYS_SEARCH_USER_PATHS = NO;
				CLANG_ANALYZER_NONNULL = YES;
				CLANG_CXX_LANGUAGE_STANDARD = "gnu++0x";
				CLANG_CXX_LIBRARY = "libc++";
				CLANG_ENABLE_MODULES = YES;
				CLANG_ENABLE_OBJC_ARC = YES;
				CLANG_WARN_BOOL_CONVERSION = YES;
				CLANG_WARN_CONSTANT_CONVERSION = YES;
				CLANG_WARN_DIRECT_OBJC_ISA_USAGE = YES_ERROR;
				CLANG_WARN_DOCUMENTATION_COMMENTS = YES;
				CLANG_WARN_EMPTY_BODY = YES;
				CLANG_WARN_ENUM_CONVERSION = YES;
				CLANG_WARN_INFINITE_RECURSION = YES;
				CLANG_WARN_INT_CONVERSION = YES;
				CLANG_WARN_OBJC_ROOT_CLASS = YES_ERROR;
				CLANG_WARN_SUSPICIOUS_MOVE = YES;
				CLANG_WARN_UNREACHABLE_CODE = YES;
				CLANG_WARN__DUPLICATE_METHOD_MATCH = YES;
				"CODE_SIGN_IDENTITY[sdk=iphoneos*]" = "iPhone Developer";
				COPY_PHASE_STRIP = NO;
				DEBUG_INFORMATION_FORMAT = dwarf;
				ENABLE_STRICT_OBJC_MSGSEND = YES;
				ENABLE_TESTABILITY = YES;
				GCC_C_LANGUAGE_STANDARD = gnu99;
				GCC_DYNAMIC_NO_PIC = NO;
				GCC_NO_COMMON_BLOCKS = YES;
				GCC_OPTIMIZATION_LEVEL = 0;
				GCC_PREPROCESSOR_DEFINITIONS = (
					"DEBUG=1",
					"$(inherited)",
				);
				GCC_WARN_64_TO_32_BIT_CONVERSION = YES;
				GCC_WARN_ABOUT_RETURN_TYPE = YES_ERROR;
				GCC_WARN_UNDECLARED_SELECTOR = YES;
				GCC_WARN_UNINITIALIZED_AUTOS = YES_AGGRESSIVE;
				GCC_WARN_UNUSED_FUNCTION = YES;
				GCC_WARN_UNUSED_VARIABLE = YES;
				IPHONEOS_DEPLOYMENT_TARGET = 9.0;
				MTL_ENABLE_DEBUG_INFO = YES;
				ONLY_ACTIVE_ARCH = YES;
				SDKROOT = iphoneos;
			};
			name = Debug;
		};
		F4978D621E3ABBC400B825CC /* Release */ = {
			isa = XCBuildConfiguration;
			buildSettings = {
				ALWAYS_SEARCH_USER_PATHS = NO;
				CLANG_ANALYZER_NONNULL = YES;
				CLANG_CXX_LANGUAGE_STANDARD = "gnu++0x";
				CLANG_CXX_LIBRARY = "libc++";
				CLANG_ENABLE_MODULES = YES;
				CLANG_ENABLE_OBJC_ARC = YES;
				CLANG_WARN_BOOL_CONVERSION = YES;
				CLANG_WARN_CONSTANT_CONVERSION = YES;
				CLANG_WARN_DIRECT_OBJC_ISA_USAGE = YES_ERROR;
				CLANG_WARN_DOCUMENTATION_COMMENTS = YES;
				CLANG_WARN_EMPTY_BODY = YES;
				CLANG_WARN_ENUM_CONVERSION = YES;
				CLANG_WARN_INFINITE_RECURSION = YES;
				CLANG_WARN_INT_CONVERSION = YES;
				CLANG_WARN_OBJC_ROOT_CLASS = YES_ERROR;
				CLANG_WARN_SUSPICIOUS_MOVE = YES;
				CLANG_WARN_UNREACHABLE_CODE = YES;
				CLANG_WARN__DUPLICATE_METHOD_MATCH = YES;
				"CODE_SIGN_IDENTITY[sdk=iphoneos*]" = "iPhone Developer";
				COPY_PHASE_STRIP = NO;
				DEBUG_INFORMATION_FORMAT = "dwarf-with-dsym";
				ENABLE_NS_ASSERTIONS = NO;
				ENABLE_STRICT_OBJC_MSGSEND = YES;
				GCC_C_LANGUAGE_STANDARD = gnu99;
				GCC_NO_COMMON_BLOCKS = YES;
				GCC_WARN_64_TO_32_BIT_CONVERSION = YES;
				GCC_WARN_ABOUT_RETURN_TYPE = YES_ERROR;
				GCC_WARN_UNDECLARED_SELECTOR = YES;
				GCC_WARN_UNINITIALIZED_AUTOS = YES_AGGRESSIVE;
				GCC_WARN_UNUSED_FUNCTION = YES;
				GCC_WARN_UNUSED_VARIABLE = YES;
				IPHONEOS_DEPLOYMENT_TARGET = 9.0;
				MTL_ENABLE_DEBUG_INFO = NO;
				SDKROOT = iphoneos;
				VALIDATE_PRODUCT = YES;
			};
			name = Release;
		};
		F4978D641E3ABBC400B825CC /* Debug */ = {
			isa = XCBuildConfiguration;
			buildSettings = {
				ASSETCATALOG_COMPILER_APPICON_NAME = AppIcon;
				DEVELOPMENT_TEAM = 72GJ4BTB4F;
				GCC_PREFIX_HEADER = "$(SRCROOT)/CoreData/CoreData.pch";
				INFOPLIST_FILE = CoreData/Info.plist;
				LD_RUNPATH_SEARCH_PATHS = "$(inherited) @executable_path/Frameworks";
				PRODUCT_BUNDLE_IDENTIFIER = Danyow.Ed.CoreData;
				PRODUCT_NAME = "$(TARGET_NAME)";
				PROVISIONING_PROFILE = "f4fabda4-fb4c-4d7e-9769-2a682d62fe05";
				PROVISIONING_PROFILE_SPECIFIER = CoreDataDevelopment;
			};
			name = Debug;
		};
		F4978D651E3ABBC400B825CC /* Release */ = {
			isa = XCBuildConfiguration;
			buildSettings = {
				ASSETCATALOG_COMPILER_APPICON_NAME = AppIcon;
				"CODE_SIGN_IDENTITY[sdk=iphoneos*]" = "iPhone Distribution";
				DEVELOPMENT_TEAM = 72GJ4BTB4F;
				GCC_PREFIX_HEADER = "$(SRCROOT)/CoreData/CoreData.pch";
				INFOPLIST_FILE = CoreData/Info.plist;
				LD_RUNPATH_SEARCH_PATHS = "$(inherited) @executable_path/Frameworks";
				PRODUCT_BUNDLE_IDENTIFIER = Danyow.Ed.CoreData;
				PRODUCT_NAME = "$(TARGET_NAME)";
				PROVISIONING_PROFILE = "cba63980-473d-459b-940c-525de05a22aa";
				PROVISIONING_PROFILE_SPECIFIER = CoreDataAdHos;
			};
			name = Release;
		};
/* End XCBuildConfiguration section */

/* Begin XCConfigurationList section */
		F4978D471E3ABBC400B825CC /* Build configuration list for PBXProject "CoreData" */ = {
			isa = XCConfigurationList;
			buildConfigurations = (
				F4978D611E3ABBC400B825CC /* Debug */,
				F4978D621E3ABBC400B825CC /* Release */,
			);
			defaultConfigurationIsVisible = 0;
			defaultConfigurationName = Release;
		};
		F4978D631E3ABBC400B825CC /* Build configuration list for PBXNativeTarget "CoreData" */ = {
			isa = XCConfigurationList;
			buildConfigurations = (
				F4978D641E3ABBC400B825CC /* Debug */,
				F4978D651E3ABBC400B825CC /* Release */,
			);
			defaultConfigurationIsVisible = 0;
			defaultConfigurationName = Release;
		};
/* End XCConfigurationList section */

/* Begin XCVersionGroup section */
		F720F84D1E471CF5008B0084 /* Model.xcdatamodeld */ = {
			isa = XCVersionGroup;
			children = (
				F7EB30861E48500500EB5AD0 /* Model 6.xcdatamodel */,
				F7EB30811E484F3200EB5AD0 /* Model 5.xcdatamodel */,
				F7EB307C1E484CDE00EB5AD0 /* Model 4.xcdatamodel */,
				F7EB30791E4848A700EB5AD0 /* Model 4.xcdatamodel */,
				F720F85D1E47303C008B0084 /* Model 3.xcdatamodel */,
				F720F85C1E472BE8008B0084 /* Model 2.xcdatamodel */,
				F720F84E1E471CF5008B0084 /* Model.xcdatamodel */,
			);
			currentVersion = F7EB30861E48500500EB5AD0 /* Model 6.xcdatamodel */;
			path = Model.xcdatamodeld;
			sourceTree = "<group>";
			versionGroupType = wrapper.xcdatamodel;
		};
/* End XCVersionGroup section */
	};
	rootObject = F4978D441E3ABBC400B825CC /* Project object */;
}
